
Microsoft Visual Studio Solution File, Format Version 12.00
# Visual Studio Version 17
VisualStudioVersion = 17.6.33815.320
MinimumVisualStudioVersion = 10.0.40219.1
Project("{2150E333-8FDC-42A3-9474-1A3956D46DE8}") = "FrontEnd", "FrontEnd", "{D07027B6-53F1-43EB-9D0E-2244EC6D1130}"
EndProject
Project("{2150E333-8FDC-42A3-9474-1A3956D46DE8}") = "Microservices", "Microservices", "{EC77FA2A-8145-4531-9A2C-4C290BDB816A}"
EndProject
Project("{9A19103F-16F7-4668-BE54-9A1E7A4F7556}") = "ShopApp.UI", "ShopApp.UI\ShopApp.UI.csproj", "{3EDE94B3-5E03-41A5-904C-C3DBEE65B93C}"
EndProject
Project("{9A19103F-16F7-4668-BE54-9A1E7A4F7556}") = "ShopApp.ProductsAPI", "ShopApp.ProductsAPI\ShopApp.ProductsAPI.csproj", "{067703C3-47A4-4FDC-AE4E-233863C8E652}"
EndProject
Project("{9A19103F-16F7-4668-BE54-9A1E7A4F7556}") = "ShopApp.ShoppingCartAPI", "ShopApp.ShoppingCartAPI\ShopApp.ShoppingCartAPI.csproj", "{1C2E99C8-4193-4F16-B59D-2A481DA806F7}"
EndProject
Project("{9A19103F-16F7-4668-BE54-9A1E7A4F7556}") = "ShopApp.OrdersAPI", "ShopApp.OrdersAPI\ShopApp.OrdersAPI.csproj", "{796CF665-3635-4DCD-8ADB-BA088D2E3C76}"
EndProject
Project("{9A19103F-16F7-4668-BE54-9A1E7A4F7556}") = "ShopApp.CouponsAPI", "ShopApp.CouponsAPI\ShopApp.CouponsAPI.csproj", "{109F8A25-A885-4D14-A547-4A8E12CD0C2E}"
EndProject
Project("{9A19103F-16F7-4668-BE54-9A1E7A4F7556}") = "ShopApp.PaymentsAPI", "ShopApp.PaymentsAPI\ShopApp.PaymentsAPI.csproj", "{B12E877F-44FA-4550-AC82-29E885039915}"
EndProject
Project("{9A19103F-16F7-4668-BE54-9A1E7A4F7556}") = "ShopApp.EmailsAPI", "ShopApp.EmailsAPI\ShopApp.EmailsAPI.csproj", "{F5F6F1A3-EEFC-4B74-91C9-22049179E51E}"
EndProject
Project("{2150E333-8FDC-42A3-9474-1A3956D46DE8}") = "Identity", "Identity", "{0ECD325A-3D60-44E9-B88C-C4F7DA37AF41}"
EndProject
Project("{FAE04EC0-301F-11D3-BF4B-00C04F79EFBC}") = "ShopApp.IdentityServer", "ShopApp.IdentityServer\ShopApp.IdentityServer.csproj", "{C6F9718D-68EA-4543-BCB9-F90E7CB24B01}"
EndProject
Global
	GlobalSection(SolutionConfigurationPlatforms) = preSolution
		Debug|Any CPU = Debug|Any CPU
		Release|Any CPU = Release|Any CPU
	EndGlobalSection
	GlobalSection(ProjectConfigurationPlatforms) = postSolution
		{3EDE94B3-5E03-41A5-904C-C3DBEE65B93C}.Debug|Any CPU.ActiveCfg = Debug|Any CPU
		{3EDE94B3-5E03-41A5-904C-C3DBEE65B93C}.Debug|Any CPU.Build.0 = Debug|Any CPU
		{3EDE94B3-5E03-41A5-904C-C3DBEE65B93C}.Release|Any CPU.ActiveCfg = Release|Any CPU
		{3EDE94B3-5E03-41A5-904C-C3DBEE65B93C}.Release|Any CPU.Build.0 = Release|Any CPU
		{067703C3-47A4-4FDC-AE4E-233863C8E652}.Debug|Any CPU.ActiveCfg = Debug|Any CPU
		{067703C3-47A4-4FDC-AE4E-233863C8E652}.Debug|Any CPU.Build.0 = Debug|Any CPU
		{067703C3-47A4-4FDC-AE4E-233863C8E652}.Release|Any CPU.ActiveCfg = Release|Any CPU
		{067703C3-47A4-4FDC-AE4E-233863C8E652}.Release|Any CPU.Build.0 = Release|Any CPU
		{1C2E99C8-4193-4F16-B59D-2A481DA806F7}.Debug|Any CPU.ActiveCfg = Debug|Any CPU
		{1C2E99C8-4193-4F16-B59D-2A481DA806F7}.Debug|Any CPU.Build.0 = Debug|Any CPU
		{1C2E99C8-4193-4F16-B59D-2A481DA806F7}.Release|Any CPU.ActiveCfg = Release|Any CPU
		{1C2E99C8-4193-4F16-B59D-2A481DA806F7}.Release|Any CPU.Build.0 = Release|Any CPU
		{796CF665-3635-4DCD-8ADB-BA088D2E3C76}.Debug|Any CPU.ActiveCfg = Debug|Any CPU
		{796CF665-3635-4DCD-8ADB-BA088D2E3C76}.Debug|Any CPU.Build.0 = Debug|Any CPU
		{796CF665-3635-4DCD-8ADB-BA088D2E3C76}.Release|Any CPU.ActiveCfg = Release|Any CPU
		{796CF665-3635-4DCD-8ADB-BA088D2E3C76}.Release|Any CPU.Build.0 = Release|Any CPU
		{109F8A25-A885-4D14-A547-4A8E12CD0C2E}.Debug|Any CPU.ActiveCfg = Debug|Any CPU
		{109F8A25-A885-4D14-A547-4A8E12CD0C2E}.Debug|Any CPU.Build.0 = Debug|Any CPU
		{109F8A25-A885-4D14-A547-4A8E12CD0C2E}.Release|Any CPU.ActiveCfg = Release|Any CPU
		{109F8A25-A885-4D14-A547-4A8E12CD0C2E}.Release|Any CPU.Build.0 = Release|Any CPU
		{B12E877F-44FA-4550-AC82-29E885039915}.Debug|Any CPU.ActiveCfg = Debug|Any CPU
		{B12E877F-44FA-4550-AC82-29E885039915}.Debug|Any CPU.Build.0 = Debug|Any CPU
		{B12E877F-44FA-4550-AC82-29E885039915}.Release|Any CPU.ActiveCfg = Release|Any CPU
		{B12E877F-44FA-4550-AC82-29E885039915}.Release|Any CPU.Build.0 = Release|Any CPU
		{F5F6F1A3-EEFC-4B74-91C9-22049179E51E}.Debug|Any CPU.ActiveCfg = Debug|Any CPU
		{F5F6F1A3-EEFC-4B74-91C9-22049179E51E}.Debug|Any CPU.Build.0 = Debug|Any CPU
		{F5F6F1A3-EEFC-4B74-91C9-22049179E51E}.Release|Any CPU.ActiveCfg = Release|Any CPU
		{F5F6F1A3-EEFC-4B74-91C9-22049179E51E}.Release|Any CPU.Build.0 = Release|Any CPU
		{C6F9718D-68EA-4543-BCB9-F90E7CB24B01}.Debug|Any CPU.ActiveCfg = Debug|Any CPU
		{C6F9718D-68EA-4543-BCB9-F90E7CB24B01}.Debug|Any CPU.Build.0 = Debug|Any CPU
		{C6F9718D-68EA-4543-BCB9-F90E7CB24B01}.Release|Any CPU.ActiveCfg = Release|Any CPU
		{C6F9718D-68EA-4543-BCB9-F90E7CB24B01}.Release|Any CPU.Build.0 = Release|Any CPU
	EndGlobalSection
	GlobalSection(SolutionProperties) = preSolution
		HideSolutionNode = FALSE
	EndGlobalSection
	GlobalSection(NestedProjects) = preSolution
		{3EDE94B3-5E03-41A5-904C-C3DBEE65B93C} = {D07027B6-53F1-43EB-9D0E-2244EC6D1130}
		{067703C3-47A4-4FDC-AE4E-233863C8E652} = {EC77FA2A-8145-4531-9A2C-4C290BDB816A}
		{1C2E99C8-4193-4F16-B59D-2A481DA806F7} = {EC77FA2A-8145-4531-9A2C-4C290BDB816A}
		{796CF665-3635-4DCD-8ADB-BA088D2E3C76} = {EC77FA2A-8145-4531-9A2C-4C290BDB816A}
		{109F8A25-A885-4D14-A547-4A8E12CD0C2E} = {EC77FA2A-8145-4531-9A2C-4C290BDB816A}
		{B12E877F-44FA-4550-AC82-29E885039915} = {EC77FA2A-8145-4531-9A2C-4C290BDB816A}
		{F5F6F1A3-EEFC-4B74-91C9-22049179E51E} = {EC77FA2A-8145-4531-9A2C-4C290BDB816A}
		{C6F9718D-68EA-4543-BCB9-F90E7CB24B01} = {0ECD325A-3D60-44E9-B88C-C4F7DA37AF41}
	EndGlobalSection
	GlobalSection(ExtensibilityGlobals) = postSolution
		SolutionGuid = {638608F8-F959-49DD-816C-0C3A3C4662A4}
	EndGlobalSection
EndGlobal
